
Microsoft Visual Studio Solution File, Format Version 12.00
# Visual Studio Version 17
VisualStudioVersion = 17.0.31912.275
MinimumVisualStudioVersion = 10.0.40219.1
Project("{9A19103F-16F7-4668-BE54-9A1E7A4F7556}") = "ApplicationB.BL", "ApplicationB.BL\ApplicationB.BL.csproj", "{8B6DF78E-33F4-4FE1-AE19-537C5B667EBD}"
EndProject
Project("{9A19103F-16F7-4668-BE54-9A1E7A4F7556}") = "ApplicationB.Models", "ApplicationB.Models\ApplicationB.Models.csproj", "{993C535B-53CF-46E7-AB61-65C0D8B64683}"
EndProject
Project("{9A19103F-16F7-4668-BE54-9A1E7A4F7556}") = "ApplicationB.Web", "ApplicationB.Web\ApplicationB.Web.csproj", "{4BCC86D6-B142-4F6B-A52C-D9F1E5066E72}"
EndProject
Global
	GlobalSection(SolutionConfigurationPlatforms) = preSolution
		Debug|Any CPU = Debug|Any CPU
		Release|Any CPU = Release|Any CPU
	EndGlobalSection
	GlobalSection(ProjectConfigurationPlatforms) = postSolution
		{8B6DF78E-33F4-4FE1-AE19-537C5B667EBD}.Debug|Any CPU.ActiveCfg = Debug|Any CPU
		{8B6DF78E-33F4-4FE1-AE19-537C5B667EBD}.Debug|Any CPU.Build.0 = Debug|Any CPU
		{8B6DF78E-33F4-4FE1-AE19-537C5B667EBD}.Release|Any CPU.ActiveCfg = Release|Any CPU
		{8B6DF78E-33F4-4FE1-AE19-537C5B667EBD}.Release|Any CPU.Build.0 = Release|Any CPU
		{993C535B-53CF-46E7-AB61-65C0D8B64683}.Debug|Any CPU.ActiveCfg = Debug|Any CPU
		{993C535B-53CF-46E7-AB61-65C0D8B64683}.Debug|Any CPU.Build.0 = Debug|Any CPU
		{993C535B-53CF-46E7-AB61-65C0D8B64683}.Release|Any CPU.ActiveCfg = Release|Any CPU
		{993C535B-53CF-46E7-AB61-65C0D8B64683}.Release|Any CPU.Build.0 = Release|Any CPU
		{4BCC86D6-B142-4F6B-A52C-D9F1E5066E72}.Debug|Any CPU.ActiveCfg = Debug|Any CPU
		{4BCC86D6-B142-4F6B-A52C-D9F1E5066E72}.Debug|Any CPU.Build.0 = Debug|Any CPU
		{4BCC86D6-B142-4F6B-A52C-D9F1E5066E72}.Release|Any CPU.ActiveCfg = Release|Any CPU
		{4BCC86D6-B142-4F6B-A52C-D9F1E5066E72}.Release|Any CPU.Build.0 = Release|Any CPU
	EndGlobalSection
	GlobalSection(SolutionProperties) = preSolution
		HideSolutionNode = FALSE
	EndGlobalSection
	GlobalSection(ExtensibilityGlobals) = postSolution
		SolutionGuid = {212B126D-1422-43AD-8ADB-A58E4760C2FD}
	EndGlobalSection
EndGlobal
